{
  "name": "tradebotiq",
  "version": "4.4.5",
  "lockfileVersion": 3,
  "requires": true,
  "packages": {
    "": {
      "name": "tradebotiq",
      "version": "4.4.5",
      "dependencies": {
        "ccxt": "^4.4.10",
        "dotenv": "^16.4.5"
      }
    },
    "node_modules/ccxt": {
      "version": "4.5.48",
      "resolved": "https://registry.npmjs.org/ccxt/-/ccxt-4.5.48.tgz",
      "integrity": "sha512-2a+nE+uCo6zW3jbXvWbyRLG9Q7VFrnRvxF7rm5sjRXUZpGuPjOIXQ3mz7ZPGvl2VTiIRwmL9RsQaKfh+FmUgxA==",
      "hasInstallScript": true,
      "license": "MIT",
      "dependencies": {
        "ws": "^8.8.1"
      },
      "engines": {
        "node": ">=15.0.0"
      }
    },
    "node_modules/dotenv": {
      "version": "16.6.1",
      "resolved": "https://registry.npmjs.org/dotenv/-/dotenv-16.6.1.tgz",
      "integrity": "sha512-uBq4egWHTcTt33a72vpSG0z3HnPuIl6NqYcTrKEg2azoEyl2hpW0zqlxysq2pK9HlDIHyHyakeYaYnSAwd8bow==",
      "license": "BSD-2-Clause",
      "engines": {
        "node": ">=12"
      },
      "funding": {
        "url": "https://dotenvx.com"
      }
    },
    "node_modules/ws": {
      "version": "8.20.0",
      "resolved": "https://registry.npmjs.org/ws/-/ws-8.20.0.tgz",
      "integrity": "sha512-sAt8BhgNbzCtgGbt2OxmpuryO63ZoDk/sqaB/znQm94T4fCEsy/yV+7CdC1kJhOU9lboAEU7R3kquuycDoibVA==",
      "license": "MIT",
      "engines": {
        "node": ">=10.0.0"
      },
      "peerDependencies": {
        "bufferutil": "^4.0.1",
        "utf-8-validate": ">=5.0.2"
      },
      "peerDependenciesMeta": {
        "bufferutil": {
          "optional": true
        },
        "utf-8-validate": {
          "optional": true
        }
      }
    }
  }
}
